{
  "name": "temp",
  "lockfileVersion": 2,
  "requires": true,
  "packages": {
    "": {
      "dependencies": {
        "@vueuse/core": "latest"
      }
    },
    "node_modules/@vueuse/core": {
      "version": "4.3.1",
      "resolved": "https://registry.npmjs.org/@vueuse/core/-/core-4.3.1.tgz",
      "integrity": "sha512-/UkL83zSkE1qb1aqidSjUxADB9ggRnchXe5CliqAb5Ak7Rt9IfdUC4zfvvAtwlIgNvT1Fo9YCtgRma4H2TVLEQ==",
      "dependencies": {
        "@vueuse/shared": "4.3.1",
        "vue-demi": "latest"
      },
      "funding": {
        "url": "https://github.com/sponsors/antfu"
      }
    },
    "node_modules/@vueuse/shared": {
      "version": "4.3.1",
      "resolved": "https://registry.npmjs.org/@vueuse/shared/-/shared-4.3.1.tgz",
      "integrity": "sha512-K2F+z16BqcOtEp/pJEK7cPvOMsgBChGGfx0UAatXt8Awk+b4Vi6L6//KclAV1N7w+e9u2kJlC1Ld8GqdY5ZxRg==",
      "dependencies": {
        "vue-demi": "latest"
      },
      "funding": {
        "url": "https://github.com/sponsors/antfu"
      }
    },
    "node_modules/vue": {
      "version": "2.6.12",
      "resolved": "https://registry.npmjs.org/vue/-/vue-2.6.12.tgz",
      "integrity": "sha512-uhmLFETqPPNyuLLbsKz6ioJ4q7AZHzD8ZVFNATNyICSZouqP2Sz0rotWQC8UNBF6VGSCs5abnKJoStA6JbCbfg==",
      "peer": true
    },
    "node_modules/vue-demi": {
      "version": "0.7.1",
      "resolved": "https://registry.npmjs.org/vue-demi/-/vue-demi-0.7.1.tgz",
      "integrity": "sha512-cJ3QnpcbIqdpeV3NnNgSDwneCJifvHct+6JNvfYn/49geK/uv5VJicZDvyg20guNhz+DZmUHBHyRQTJ32lSC2g==",
      "hasInstallScript": true,
      "bin": {
        "vue-demi-fix": "bin/vue-demi-fix.js",
        "vue-demi-switch": "bin/vue-demi-switch.js"
      },
      "funding": {
        "url": "https://github.com/sponsors/antfu"
      },
      "peerDependencies": {
        "@vue/composition-api": "^1.0.0-beta.1",
        "vue": "^2.6.0 || >=3.0.0-rc.1"
      },
      "peerDependenciesMeta": {
        "@vue/composition-api": {
          "optional": true
        }
      }
    }
  },
  "dependencies": {
    "@vueuse/core": {
      "version": "4.3.1",
      "resolved": "https://registry.npmjs.org/@vueuse/core/-/core-4.3.1.tgz",
      "integrity": "sha512-/UkL83zSkE1qb1aqidSjUxADB9ggRnchXe5CliqAb5Ak7Rt9IfdUC4zfvvAtwlIgNvT1Fo9YCtgRma4H2TVLEQ==",
      "requires": {
        "@vueuse/shared": "4.3.1",
        "vue-demi": "latest"
      }
    },
    "@vueuse/shared": {
      "version": "4.3.1",
      "resolved": "https://registry.npmjs.org/@vueuse/shared/-/shared-4.3.1.tgz",
      "integrity": "sha512-K2F+z16BqcOtEp/pJEK7cPvOMsgBChGGfx0UAatXt8Awk+b4Vi6L6//KclAV1N7w+e9u2kJlC1Ld8GqdY5ZxRg==",
      "requires": {
        "vue-demi": "latest"
      }
    },
    "vue": {
      "version": "2.6.12",
      "resolved": "https://registry.npmjs.org/vue/-/vue-2.6.12.tgz",
      "integrity": "sha512-uhmLFETqPPNyuLLbsKz6ioJ4q7AZHzD8ZVFNATNyICSZouqP2Sz0rotWQC8UNBF6VGSCs5abnKJoStA6JbCbfg==",
      "peer": true
    },
    "vue-demi": {
      "version": "0.7.1",
      "resolved": "https://registry.npmjs.org/vue-demi/-/vue-demi-0.7.1.tgz",
      "integrity": "sha512-cJ3QnpcbIqdpeV3NnNgSDwneCJifvHct+6JNvfYn/49geK/uv5VJicZDvyg20guNhz+DZmUHBHyRQTJ32lSC2g==",
      "requires": {}
    }
  }
}
